
Microsoft Visual Studio Solution File, Format Version 12.00
# Visual Studio Version 17
VisualStudioVersion = 17.8.34525.116
MinimumVisualStudioVersion = 10.0.40219.1
Project("{9A19103F-16F7-4668-BE54-9A1E7A4F7556}") = "shop-back.Server", "shop-back.Server\shop-back.Server.csproj", "{F8AD1ECF-7B49-4D41-9545-7C76BE477E75}"
EndProject
Project("{54A90642-561A-4BB1-A94E-469ADEE60C69}") = "shop-front", "shop-front\shop-front.esproj", "{B91EA658-9AFA-47AE-9949-8377A93FE9CC}"
EndProject
Project("{E53339B2-1760-4266-BCC7-CA923CBCF16C}") = "docker-compose", "docker-compose.dcproj", "{4515E772-8247-453F-8ED6-67BF83A9CCB0}"
EndProject
Global
	GlobalSection(SolutionConfigurationPlatforms) = preSolution
		Debug|Any CPU = Debug|Any CPU
		Release|Any CPU = Release|Any CPU
	EndGlobalSection
	GlobalSection(ProjectConfigurationPlatforms) = postSolution
		{F8AD1ECF-7B49-4D41-9545-7C76BE477E75}.Debug|Any CPU.ActiveCfg = Debug|Any CPU
		{F8AD1ECF-7B49-4D41-9545-7C76BE477E75}.Debug|Any CPU.Build.0 = Debug|Any CPU
		{F8AD1ECF-7B49-4D41-9545-7C76BE477E75}.Release|Any CPU.ActiveCfg = Release|Any CPU
		{F8AD1ECF-7B49-4D41-9545-7C76BE477E75}.Release|Any CPU.Build.0 = Release|Any CPU
		{B91EA658-9AFA-47AE-9949-8377A93FE9CC}.Debug|Any CPU.ActiveCfg = Debug|Any CPU
		{B91EA658-9AFA-47AE-9949-8377A93FE9CC}.Debug|Any CPU.Build.0 = Debug|Any CPU
		{B91EA658-9AFA-47AE-9949-8377A93FE9CC}.Debug|Any CPU.Deploy.0 = Debug|Any CPU
		{B91EA658-9AFA-47AE-9949-8377A93FE9CC}.Release|Any CPU.ActiveCfg = Release|Any CPU
		{B91EA658-9AFA-47AE-9949-8377A93FE9CC}.Release|Any CPU.Build.0 = Release|Any CPU
		{B91EA658-9AFA-47AE-9949-8377A93FE9CC}.Release|Any CPU.Deploy.0 = Release|Any CPU
		{4515E772-8247-453F-8ED6-67BF83A9CCB0}.Debug|Any CPU.ActiveCfg = Debug|Any CPU
		{4515E772-8247-453F-8ED6-67BF83A9CCB0}.Debug|Any CPU.Build.0 = Debug|Any CPU
		{4515E772-8247-453F-8ED6-67BF83A9CCB0}.Release|Any CPU.ActiveCfg = Release|Any CPU
		{4515E772-8247-453F-8ED6-67BF83A9CCB0}.Release|Any CPU.Build.0 = Release|Any CPU
	EndGlobalSection
	GlobalSection(SolutionProperties) = preSolution
		HideSolutionNode = FALSE
	EndGlobalSection
	GlobalSection(ExtensibilityGlobals) = postSolution
		SolutionGuid = {5A99407D-350A-424B-AAD8-C3A475349041}
	EndGlobalSection
EndGlobal
